// !$*UTF8*$!
{
	archiveVersion = 1;
	classes = {
	};
	objectVersion = 50;
	objects = {

/* Begin PBXBuildFile section */
		1C1DFFC721F2310E00577B34 /* CollectionViewController.swift in Sources */ = {isa = PBXBuildFile; fileRef = 1C1DFFC621F2310E00577B34 /* CollectionViewController.swift */; };
		1C1DFFC921F2348800577B34 /* CollectionTableViewCell.swift in Sources */ = {isa = PBXBuildFile; fileRef = 1C1DFFC821F2348800577B34 /* CollectionTableViewCell.swift */; };
		1C41D15C21DE3ECD004C2254 /* AppDelegate.swift in Sources */ = {isa = PBXBuildFile; fileRef = 1C41D15B21DE3ECD004C2254 /* AppDelegate.swift */; };
		1C41D16121DE3ECD004C2254 /* Main.storyboard in Resources */ = {isa = PBXBuildFile; fileRef = 1C41D15F21DE3ECD004C2254 /* Main.storyboard */; };
		1C41D16321DE3ECF004C2254 /* Assets.xcassets in Resources */ = {isa = PBXBuildFile; fileRef = 1C41D16221DE3ECF004C2254 /* Assets.xcassets */; };
		1C41D16621DE3ECF004C2254 /* LaunchScreen.storyboard in Resources */ = {isa = PBXBuildFile; fileRef = 1C41D16421DE3ECF004C2254 /* LaunchScreen.storyboard */; };
		1C41D16E21DE4091004C2254 /* Config.swift in Sources */ = {isa = PBXBuildFile; fileRef = 1C41D16D21DE4091004C2254 /* Config.swift */; };
		1C41D17021DE681D004C2254 /* ProfileViewController.swift in Sources */ = {isa = PBXBuildFile; fileRef = 1C41D16F21DE681D004C2254 /* ProfileViewController.swift */; };
		1C41D17221DE6827004C2254 /* LoginViewController.swift in Sources */ = {isa = PBXBuildFile; fileRef = 1C41D17121DE6827004C2254 /* LoginViewController.swift */; };
		1C5FE76721F664060021FE84 /* LeaderboardViewController.swift in Sources */ = {isa = PBXBuildFile; fileRef = 1C5FE76621F664060021FE84 /* LeaderboardViewController.swift */; };
		1C5FE76921F666E00021FE84 /* LeaderboardTableViewCell.swift in Sources */ = {isa = PBXBuildFile; fileRef = 1C5FE76821F666E00021FE84 /* LeaderboardTableViewCell.swift */; };
		1C5FE76B21F7A62F0021FE84 /* NotificationViewController.swift in Sources */ = {isa = PBXBuildFile; fileRef = 1C5FE76A21F7A62F0021FE84 /* NotificationViewController.swift */; };
		1C5FE76D21F7A7FD0021FE84 /* NotificationTableViewCell.swift in Sources */ = {isa = PBXBuildFile; fileRef = 1C5FE76C21F7A7FD0021FE84 /* NotificationTableViewCell.swift */; };
		1CB9A30421F0D5C8001F1AF3 /* FriendViewController.swift in Sources */ = {isa = PBXBuildFile; fileRef = 1CB9A30321F0D5C8001F1AF3 /* FriendViewController.swift */; };
		1CBFA8A521F0D88E00295869 /* FriendTableViewCell.swift in Sources */ = {isa = PBXBuildFile; fileRef = 1CBFA8A421F0D88E00295869 /* FriendTableViewCell.swift */; };
		1CBFA8A821F0E46600295869 /* DataViewController.swift in Sources */ = {isa = PBXBuildFile; fileRef = 1CBFA8A721F0E46600295869 /* DataViewController.swift */; };
		9AEF9027ACB6542A77B81F13 /* Pods_PPSDK_SwiftExample.framework in Frameworks */ = {isa = PBXBuildFile; fileRef = C11905D8C32D292C2D132044 /* Pods_PPSDK_SwiftExample.framework */; };
/* End PBXBuildFile section */

/* Begin PBXFileReference section */
		1C1DFFC621F2310E00577B34 /* CollectionViewController.swift */ = {isa = PBXFileReference; lastKnownFileType = sourcecode.swift; path = CollectionViewController.swift; sourceTree = "<group>"; };
		1C1DFFC821F2348800577B34 /* CollectionTableViewCell.swift */ = {isa = PBXFileReference; lastKnownFileType = sourcecode.swift; path = CollectionTableViewCell.swift; sourceTree = "<group>"; };
		1C41D15821DE3ECD004C2254 /* PPSDK-SwiftExample.app */ = {isa = PBXFileReference; explicitFileType = wrapper.application; includeInIndex = 0; path = "PPSDK-SwiftExample.app"; sourceTree = BUILT_PRODUCTS_DIR; };
		1C41D15B21DE3ECD004C2254 /* AppDelegate.swift */ = {isa = PBXFileReference; lastKnownFileType = sourcecode.swift; path = AppDelegate.swift; sourceTree = "<group>"; };
		1C41D16021DE3ECD004C2254 /* Base */ = {isa = PBXFileReference; lastKnownFileType = file.storyboard; name = Base; path = Base.lproj/Main.storyboard; sourceTree = "<group>"; };
		1C41D16221DE3ECF004C2254 /* Assets.xcassets */ = {isa = PBXFileReference; lastKnownFileType = folder.assetcatalog; path = Assets.xcassets; sourceTree = "<group>"; };
		1C41D16521DE3ECF004C2254 /* Base */ = {isa = PBXFileReference; lastKnownFileType = file.storyboard; name = Base; path = Base.lproj/LaunchScreen.storyboard; sourceTree = "<group>"; };
		1C41D16721DE3ECF004C2254 /* Info.plist */ = {isa = PBXFileReference; lastKnownFileType = text.plist.xml; path = Info.plist; sourceTree = "<group>"; };
		1C41D16D21DE4091004C2254 /* Config.swift */ = {isa = PBXFileReference; lastKnownFileType = sourcecode.swift; path = Config.swift; sourceTree = "<group>"; };
		1C41D16F21DE681D004C2254 /* ProfileViewController.swift */ = {isa = PBXFileReference; lastKnownFileType = sourcecode.swift; path = ProfileViewController.swift; sourceTree = "<group>"; };
		1C41D17121DE6827004C2254 /* LoginViewController.swift */ = {isa = PBXFileReference; lastKnownFileType = sourcecode.swift; path = LoginViewController.swift; sourceTree = "<group>"; };
		1C5FE76621F664060021FE84 /* LeaderboardViewController.swift */ = {isa = PBXFileReference; lastKnownFileType = sourcecode.swift; path = LeaderboardViewController.swift; sourceTree = "<group>"; };
		1C5FE76821F666E00021FE84 /* LeaderboardTableViewCell.swift */ = {isa = PBXFileReference; lastKnownFileType = sourcecode.swift; path = LeaderboardTableViewCell.swift; sourceTree = "<group>"; };
		1C5FE76A21F7A62F0021FE84 /* NotificationViewController.swift */ = {isa = PBXFileReference; lastKnownFileType = sourcecode.swift; path = NotificationViewController.swift; sourceTree = "<group>"; };
		1C5FE76C21F7A7FD0021FE84 /* NotificationTableViewCell.swift */ = {isa = PBXFileReference; lastKnownFileType = sourcecode.swift; path = NotificationTableViewCell.swift; sourceTree = "<group>"; };
		1C5FE76E21F7AD890021FE84 /* PPSDK-SwiftExample.entitlements */ = {isa = PBXFileReference; lastKnownFileType = text.plist.entitlements; path = "PPSDK-SwiftExample.entitlements"; sourceTree = "<group>"; };
		1CB9A30321F0D5C8001F1AF3 /* FriendViewController.swift */ = {isa = PBXFileReference; lastKnownFileType = sourcecode.swift; path = FriendViewController.swift; sourceTree = "<group>"; };
		1CBFA8A421F0D88E00295869 /* FriendTableViewCell.swift */ = {isa = PBXFileReference; lastKnownFileType = sourcecode.swift; path = FriendTableViewCell.swift; sourceTree = "<group>"; };
		1CBFA8A721F0E46600295869 /* DataViewController.swift */ = {isa = PBXFileReference; lastKnownFileType = sourcecode.swift; path = DataViewController.swift; sourceTree = "<group>"; };
		237DA17C5F469E7276045D69 /* Pods_PlayPortalSDK_Swift.framework */ = {isa = PBXFileReference; explicitFileType = wrapper.framework; includeInIndex = 0; path = Pods_PlayPortalSDK_Swift.framework; sourceTree = BUILT_PRODUCTS_DIR; };
		2E4B5A78001AD0E0C2FFDD3C /* Pods-PPSDK-SwiftExample.debug.xcconfig */ = {isa = PBXFileReference; includeInIndex = 1; lastKnownFileType = text.xcconfig; name = "Pods-PPSDK-SwiftExample.debug.xcconfig"; path = "Target Support Files/Pods-PPSDK-SwiftExample/Pods-PPSDK-SwiftExample.debug.xcconfig"; sourceTree = "<group>"; };
		45C70F67EF873DC54772C467 /* Pods-PlayPortalSDK-Swift.release.xcconfig */ = {isa = PBXFileReference; includeInIndex = 1; lastKnownFileType = text.xcconfig; name = "Pods-PlayPortalSDK-Swift.release.xcconfig"; path = "Target Support Files/Pods-PlayPortalSDK-Swift/Pods-PlayPortalSDK-Swift.release.xcconfig"; sourceTree = "<group>"; };
		5BDE5C2BD3A834234EACD935 /* Pods-PPSDK-SwiftExample.release.xcconfig */ = {isa = PBXFileReference; includeInIndex = 1; lastKnownFileType = text.xcconfig; name = "Pods-PPSDK-SwiftExample.release.xcconfig"; path = "Target Support Files/Pods-PPSDK-SwiftExample/Pods-PPSDK-SwiftExample.release.xcconfig"; sourceTree = "<group>"; };
		8CC986EC01E0194887BFD6C4 /* Pods-PlayPortalSDK-Swift.debug.xcconfig */ = {isa = PBXFileReference; includeInIndex = 1; lastKnownFileType = text.xcconfig; name = "Pods-PlayPortalSDK-Swift.debug.xcconfig"; path = "Target Support Files/Pods-PlayPortalSDK-Swift/Pods-PlayPortalSDK-Swift.debug.xcconfig"; sourceTree = "<group>"; };
		C11905D8C32D292C2D132044 /* Pods_PPSDK_SwiftExample.framework */ = {isa = PBXFileReference; explicitFileType = wrapper.framework; includeInIndex = 0; path = Pods_PPSDK_SwiftExample.framework; sourceTree = BUILT_PRODUCTS_DIR; };
/* End PBXFileReference section */

/* Begin PBXFrameworksBuildPhase section */
		1C41D15521DE3ECD004C2254 /* Frameworks */ = {
			isa = PBXFrameworksBuildPhase;
			buildActionMask = 2147483647;
			files = (
				9AEF9027ACB6542A77B81F13 /* Pods_PPSDK_SwiftExample.framework in Frameworks */,
			);
			runOnlyForDeploymentPostprocessing = 0;
		};
/* End PBXFrameworksBuildPhase section */

/* Begin PBXGroup section */
		1C41D14F21DE3ECD004C2254 = {
			isa = PBXGroup;
			children = (
				1C41D15A21DE3ECD004C2254 /* PPSDK-SwiftExample */,
				1C41D15921DE3ECD004C2254 /* Products */,
				5EE05E8916F1669719948C5C /* Pods */,
				4C09E8542E2D1F0F3E7217D5 /* Frameworks */,
			);
			sourceTree = "<group>";
		};
		1C41D15921DE3ECD004C2254 /* Products */ = {
			isa = PBXGroup;
			children = (
				1C41D15821DE3ECD004C2254 /* PPSDK-SwiftExample.app */,
			);
			name = Products;
			sourceTree = "<group>";
		};
		1C41D15A21DE3ECD004C2254 /* PPSDK-SwiftExample */ = {
			isa = PBXGroup;
			children = (
				1C5FE76E21F7AD890021FE84 /* PPSDK-SwiftExample.entitlements */,
				1C41D15B21DE3ECD004C2254 /* AppDelegate.swift */,
				1C41D15F21DE3ECD004C2254 /* Main.storyboard */,
				1C41D16221DE3ECF004C2254 /* Assets.xcassets */,
				1C41D16421DE3ECF004C2254 /* LaunchScreen.storyboard */,
				1C41D16721DE3ECF004C2254 /* Info.plist */,
				1C41D16D21DE4091004C2254 /* Config.swift */,
				1C41D16F21DE681D004C2254 /* ProfileViewController.swift */,
				1C41D17121DE6827004C2254 /* LoginViewController.swift */,
				1CB9A30321F0D5C8001F1AF3 /* FriendViewController.swift */,
				1CBFA8A421F0D88E00295869 /* FriendTableViewCell.swift */,
				1CBFA8A721F0E46600295869 /* DataViewController.swift */,
				1C1DFFC621F2310E00577B34 /* CollectionViewController.swift */,
				1C1DFFC821F2348800577B34 /* CollectionTableViewCell.swift */,
				1C5FE76621F664060021FE84 /* LeaderboardViewController.swift */,
				1C5FE76821F666E00021FE84 /* LeaderboardTableViewCell.swift */,
				1C5FE76A21F7A62F0021FE84 /* NotificationViewController.swift */,
				1C5FE76C21F7A7FD0021FE84 /* NotificationTableViewCell.swift */,
			);
			path = "PPSDK-SwiftExample";
			sourceTree = "<group>";
		};
		4C09E8542E2D1F0F3E7217D5 /* Frameworks */ = {
			isa = PBXGroup;
			children = (
				237DA17C5F469E7276045D69 /* Pods_PlayPortalSDK_Swift.framework */,
				C11905D8C32D292C2D132044 /* Pods_PPSDK_SwiftExample.framework */,
			);
			name = Frameworks;
			sourceTree = "<group>";
		};
		5EE05E8916F1669719948C5C /* Pods */ = {
			isa = PBXGroup;
			children = (
				8CC986EC01E0194887BFD6C4 /* Pods-PlayPortalSDK-Swift.debug.xcconfig */,
				45C70F67EF873DC54772C467 /* Pods-PlayPortalSDK-Swift.release.xcconfig */,
				2E4B5A78001AD0E0C2FFDD3C /* Pods-PPSDK-SwiftExample.debug.xcconfig */,
				5BDE5C2BD3A834234EACD935 /* Pods-PPSDK-SwiftExample.release.xcconfig */,
			);
			path = Pods;
			sourceTree = "<group>";
		};
/* End PBXGroup section */

/* Begin PBXNativeTarget section */
		1C41D15721DE3ECD004C2254 /* PPSDK-SwiftExample */ = {
			isa = PBXNativeTarget;
			buildConfigurationList = 1C41D16A21DE3ECF004C2254 /* Build configuration list for PBXNativeTarget "PPSDK-SwiftExample" */;
			buildPhases = (
				98576FC390CD169EDCB86104 /* [CP] Check Pods Manifest.lock */,
				1C41D15421DE3ECD004C2254 /* Sources */,
				1C41D15521DE3ECD004C2254 /* Frameworks */,
				1C41D15621DE3ECD004C2254 /* Resources */,
				45CB2825EAF8E8A44FE874B7 /* [CP] Embed Pods Frameworks */,
			);
			buildRules = (
			);
			dependencies = (
			);
			name = "PPSDK-SwiftExample";
			productName = "PlayPortalSDK-Swift";
			productReference = 1C41D15821DE3ECD004C2254 /* PPSDK-SwiftExample.app */;
			productType = "com.apple.product-type.application";
		};
/* End PBXNativeTarget section */

/* Begin PBXProject section */
		1C41D15021DE3ECD004C2254 /* Project object */ = {
			isa = PBXProject;
			attributes = {
				LastSwiftUpdateCheck = 1000;
				LastUpgradeCheck = 1000;
				ORGANIZATIONNAME = "Lincoln Fraley";
				TargetAttributes = {
					1C41D15721DE3ECD004C2254 = {
						CreatedOnToolsVersion = 10.0;
						SystemCapabilities = {
							com.apple.Push = {
								enabled = 0;
							};
						};
					};
				};
			};
			buildConfigurationList = 1C41D15321DE3ECD004C2254 /* Build configuration list for PBXProject "PPSDK-SwiftExample" */;
			compatibilityVersion = "Xcode 9.3";
			developmentRegion = en;
			hasScannedForEncodings = 0;
			knownRegions = (
				en,
				Base,
			);
			mainGroup = 1C41D14F21DE3ECD004C2254;
			productRefGroup = 1C41D15921DE3ECD004C2254 /* Products */;
			projectDirPath = "";
			projectRoot = "";
			targets = (
				1C41D15721DE3ECD004C2254 /* PPSDK-SwiftExample */,
			);
		};
/* End PBXProject section */

/* Begin PBXResourcesBuildPhase section */
		1C41D15621DE3ECD004C2254 /* Resources */ = {
			isa = PBXResourcesBuildPhase;
			buildActionMask = 2147483647;
			files = (
				1C41D16621DE3ECF004C2254 /* LaunchScreen.storyboard in Resources */,
				1C41D16321DE3ECF004C2254 /* Assets.xcassets in Resources */,
				1C41D16121DE3ECD004C2254 /* Main.storyboard in Resources */,
			);
			runOnlyForDeploymentPostprocessing = 0;
		};
/* End PBXResourcesBuildPhase section */

/* Begin PBXShellScriptBuildPhase section */
		45CB2825EAF8E8A44FE874B7 /* [CP] Embed Pods Frameworks */ = {
			isa = PBXShellScriptBuildPhase;
			buildActionMask = 2147483647;
			files = (
			);
			inputFileListPaths = (
			);
			inputPaths = (
				"${PODS_ROOT}/Target Support Files/Pods-PPSDK-SwiftExample/Pods-PPSDK-SwiftExample-frameworks.sh",
				"${BUILT_PRODUCTS_DIR}/Alamofire/Alamofire.framework",
				"${BUILT_PRODUCTS_DIR}/KeychainSwift/KeychainSwift.framework",
				"${BUILT_PRODUCTS_DIR}/PPSDK-Swift/PPSDK_Swift.framework",
			);
			name = "[CP] Embed Pods Frameworks";
			outputFileListPaths = (
			);
			outputPaths = (
				"${TARGET_BUILD_DIR}/${FRAMEWORKS_FOLDER_PATH}/Alamofire.framework",
				"${TARGET_BUILD_DIR}/${FRAMEWORKS_FOLDER_PATH}/KeychainSwift.framework",
				"${TARGET_BUILD_DIR}/${FRAMEWORKS_FOLDER_PATH}/PPSDK_Swift.framework",
			);
			runOnlyForDeploymentPostprocessing = 0;
			shellPath = /bin/sh;
			shellScript = "\"${PODS_ROOT}/Target Support Files/Pods-PPSDK-SwiftExample/Pods-PPSDK-SwiftExample-frameworks.sh\"\n";
			showEnvVarsInLog = 0;
		};
		98576FC390CD169EDCB86104 /* [CP] Check Pods Manifest.lock */ = {
			isa = PBXShellScriptBuildPhase;
			buildActionMask = 2147483647;
			files = (
			);
			inputFileListPaths = (
			);
			inputPaths = (
				"${PODS_PODFILE_DIR_PATH}/Podfile.lock",
				"${PODS_ROOT}/Manifest.lock",
			);
			name = "[CP] Check Pods Manifest.lock";
			outputFileListPaths = (
			);
			outputPaths = (
				"$(DERIVED_FILE_DIR)/Pods-PPSDK-SwiftExample-checkManifestLockResult.txt",
			);
			runOnlyForDeploymentPostprocessing = 0;
			shellPath = /bin/sh;
			shellScript = "diff \"${PODS_PODFILE_DIR_PATH}/Podfile.lock\" \"${PODS_ROOT}/Manifest.lock\" > /dev/null\nif [ $? != 0 ] ; then\n    # print error to STDERR\n    echo \"error: The sandbox is not in sync with the Podfile.lock. Run 'pod install' or update your CocoaPods installation.\" >&2\n    exit 1\nfi\n# This output is used by Xcode 'outputs' to avoid re-running this script phase.\necho \"SUCCESS\" > \"${SCRIPT_OUTPUT_FILE_0}\"\n";
			showEnvVarsInLog = 0;
		};
/* End PBXShellScriptBuildPhase section */

/* Begin PBXSourcesBuildPhase section */
		1C41D15421DE3ECD004C2254 /* Sources */ = {
			isa = PBXSourcesBuildPhase;
			buildActionMask = 2147483647;
			files = (
				1C41D17221DE6827004C2254 /* LoginViewController.swift in Sources */,
				1CBFA8A821F0E46600295869 /* DataViewController.swift in Sources */,
				1C5FE76D21F7A7FD0021FE84 /* NotificationTableViewCell.swift in Sources */,
				1C5FE76B21F7A62F0021FE84 /* NotificationViewController.swift in Sources */,
				1C5FE76721F664060021FE84 /* LeaderboardViewController.swift in Sources */,
				1C41D17021DE681D004C2254 /* ProfileViewController.swift in Sources */,
				1C5FE76921F666E00021FE84 /* LeaderboardTableViewCell.swift in Sources */,
				1C41D15C21DE3ECD004C2254 /* AppDelegate.swift in Sources */,
				1C1DFFC721F2310E00577B34 /* CollectionViewController.swift in Sources */,
				1CBFA8A521F0D88E00295869 /* FriendTableViewCell.swift in Sources */,
				1C41D16E21DE4091004C2254 /* Config.swift in Sources */,
				1C1DFFC921F2348800577B34 /* CollectionTableViewCell.swift in Sources */,
				1CB9A30421F0D5C8001F1AF3 /* FriendViewController.swift in Sources */,
			);
			runOnlyForDeploymentPostprocessing = 0;
		};
/* End PBXSourcesBuildPhase section */

/* Begin PBXVariantGroup section */
		1C41D15F21DE3ECD004C2254 /* Main.storyboard */ = {
			isa = PBXVariantGroup;
			children = (
				1C41D16021DE3ECD004C2254 /* Base */,
			);
			name = Main.storyboard;
			sourceTree = "<group>";
		};
		1C41D16421DE3ECF004C2254 /* LaunchScreen.storyboard */ = {
			isa = PBXVariantGroup;
			children = (
				1C41D16521DE3ECF004C2254 /* Base */,
			);
			name = LaunchScreen.storyboard;
			sourceTree = "<group>";
		};
/* End PBXVariantGroup section */

/* Begin XCBuildConfiguration section */
		1C41D16821DE3ECF004C2254 /* Debug */ = {
			isa = XCBuildConfiguration;
			buildSettings = {
				ALWAYS_SEARCH_USER_PATHS = NO;
				CLANG_ANALYZER_NONNULL = YES;
				CLANG_ANALYZER_NUMBER_OBJECT_CONVERSION = YES_AGGRESSIVE;
				CLANG_CXX_LANGUAGE_STANDARD = "gnu++14";
				CLANG_CXX_LIBRARY = "libc++";
				CLANG_ENABLE_MODULES = YES;
				CLANG_ENABLE_OBJC_ARC = YES;
				CLANG_ENABLE_OBJC_WEAK = YES;
				CLANG_WARN_BLOCK_CAPTURE_AUTORELEASING = YES;
				CLANG_WARN_BOOL_CONVERSION = YES;
				CLANG_WARN_COMMA = YES;
				CLANG_WARN_CONSTANT_CONVERSION = YES;
				CLANG_WARN_DEPRECATED_OBJC_IMPLEMENTATIONS = YES;
				CLANG_WARN_DIRECT_OBJC_ISA_USAGE = YES_ERROR;
				CLANG_WARN_DOCUMENTATION_COMMENTS = YES;
				CLANG_WARN_EMPTY_BODY = YES;
				CLANG_WARN_ENUM_CONVERSION = YES;
				CLANG_WARN_INFINITE_RECURSION = YES;
				CLANG_WARN_INT_CONVERSION = YES;
				CLANG_WARN_NON_LITERAL_NULL_CONVERSION = YES;
				CLANG_WARN_OBJC_IMPLICIT_RETAIN_SELF = YES;
				CLANG_WARN_OBJC_LITERAL_CONVERSION = YES;
				CLANG_WARN_OBJC_ROOT_CLASS = YES_ERROR;
				CLANG_WARN_RANGE_LOOP_ANALYSIS = YES;
				CLANG_WARN_STRICT_PROTOTYPES = YES;
				CLANG_WARN_SUSPICIOUS_MOVE = YES;
				CLANG_WARN_UNGUARDED_AVAILABILITY = YES_AGGRESSIVE;
				CLANG_WARN_UNREACHABLE_CODE = YES;
				CLANG_WARN__DUPLICATE_METHOD_MATCH = YES;
				CODE_SIGN_IDENTITY = "iPhone Developer";
				COPY_PHASE_STRIP = NO;
				DEBUG_INFORMATION_FORMAT = dwarf;
				ENABLE_STRICT_OBJC_MSGSEND = YES;
				ENABLE_TESTABILITY = YES;
				GCC_C_LANGUAGE_STANDARD = gnu11;
				GCC_DYNAMIC_NO_PIC = NO;
				GCC_NO_COMMON_BLOCKS = YES;
				GCC_OPTIMIZATION_LEVEL = 0;
				GCC_PREPROCESSOR_DEFINITIONS = (
					"DEBUG=1",
					"$(inherited)",
				);
				GCC_WARN_64_TO_32_BIT_CONVERSION = YES;
				GCC_WARN_ABOUT_RETURN_TYPE = YES_ERROR;
				GCC_WARN_UNDECLARED_SELECTOR = YES;
				GCC_WARN_UNINITIALIZED_AUTOS = YES_AGGRESSIVE;
				GCC_WARN_UNUSED_FUNCTION = YES;
				GCC_WARN_UNUSED_VARIABLE = YES;
				IPHONEOS_DEPLOYMENT_TARGET = 12.0;
				MTL_ENABLE_DEBUG_INFO = INCLUDE_SOURCE;
				MTL_FAST_MATH = YES;
				ONLY_ACTIVE_ARCH = YES;
				SDKROOT = iphoneos;
				SWIFT_ACTIVE_COMPILATION_CONDITIONS = DEBUG;
				SWIFT_OPTIMIZATION_LEVEL = "-Onone";
			};
			name = Debug;
		};
		1C41D16921DE3ECF004C2254 /* Release */ = {
			isa = XCBuildConfiguration;
			buildSettings = {
				ALWAYS_SEARCH_USER_PATHS = NO;
				CLANG_ANALYZER_NONNULL = YES;
				CLANG_ANALYZER_NUMBER_OBJECT_CONVERSION = YES_AGGRESSIVE;
				CLANG_CXX_LANGUAGE_STANDARD = "gnu++14";
				CLANG_CXX_LIBRARY = "libc++";
				CLANG_ENABLE_MODULES = YES;
				CLANG_ENABLE_OBJC_ARC = YES;
				CLANG_ENABLE_OBJC_WEAK = YES;
				CLANG_WARN_BLOCK_CAPTURE_AUTORELEASING = YES;
				CLANG_WARN_BOOL_CONVERSION = YES;
				CLANG_WARN_COMMA = YES;
				CLANG_WARN_CONSTANT_CONVERSION = YES;
				CLANG_WARN_DEPRECATED_OBJC_IMPLEMENTATIONS = YES;
				CLANG_WARN_DIRECT_OBJC_ISA_USAGE = YES_ERROR;
				CLANG_WARN_DOCUMENTATION_COMMENTS = YES;
				CLANG_WARN_EMPTY_BODY = YES;
				CLANG_WARN_ENUM_CONVERSION = YES;
				CLANG_WARN_INFINITE_RECURSION = YES;
				CLANG_WARN_INT_CONVERSION = YES;
				CLANG_WARN_NON_LITERAL_NULL_CONVERSION = YES;
				CLANG_WARN_OBJC_IMPLICIT_RETAIN_SELF = YES;
				CLANG_WARN_OBJC_LITERAL_CONVERSION = YES;
				CLANG_WARN_OBJC_ROOT_CLASS = YES_ERROR;
				CLANG_WARN_RANGE_LOOP_ANALYSIS = YES;
				CLANG_WARN_STRICT_PROTOTYPES = YES;
				CLANG_WARN_SUSPICIOUS_MOVE = YES;
				CLANG_WARN_UNGUARDED_AVAILABILITY = YES_AGGRESSIVE;
				CLANG_WARN_UNREACHABLE_CODE = YES;
				CLANG_WARN__DUPLICATE_METHOD_MATCH = YES;
				CODE_SIGN_IDENTITY = "iPhone Developer";
				COPY_PHASE_STRIP = NO;
				DEBUG_INFORMATION_FORMAT = "dwarf-with-dsym";
				ENABLE_NS_ASSERTIONS = NO;
				ENABLE_STRICT_OBJC_MSGSEND = YES;
				GCC_C_LANGUAGE_STANDARD = gnu11;
				GCC_NO_COMMON_BLOCKS = YES;
				GCC_WARN_64_TO_32_BIT_CONVERSION = YES;
				GCC_WARN_ABOUT_RETURN_TYPE = YES_ERROR;
				GCC_WARN_UNDECLARED_SELECTOR = YES;
				GCC_WARN_UNINITIALIZED_AUTOS = YES_AGGRESSIVE;
				GCC_WARN_UNUSED_FUNCTION = YES;
				GCC_WARN_UNUSED_VARIABLE = YES;
				IPHONEOS_DEPLOYMENT_TARGET = 12.0;
				MTL_ENABLE_DEBUG_INFO = NO;
				MTL_FAST_MATH = YES;
				SDKROOT = iphoneos;
				SWIFT_COMPILATION_MODE = wholemodule;
				SWIFT_OPTIMIZATION_LEVEL = "-O";
				VALIDATE_PRODUCT = YES;
			};
			name = Release;
		};
		1C41D16B21DE3ECF004C2254 /* Debug */ = {
			isa = XCBuildConfiguration;
			baseConfigurationReference = 2E4B5A78001AD0E0C2FFDD3C /* Pods-PPSDK-SwiftExample.debug.xcconfig */;
			buildSettings = {
				ASSETCATALOG_COMPILER_APPICON_NAME = AppIcon;
				CODE_SIGN_IDENTITY = "iPhone Developer";
				CODE_SIGN_STYLE = Automatic;
				DEVELOPMENT_TEAM = SA5YU43KDL;
				INFOPLIST_FILE = "PPSDK-SwiftExample/Info.plist";
				LD_RUNPATH_SEARCH_PATHS = (
					"$(inherited)",
					"@executable_path/Frameworks",
				);
				PRODUCT_BUNDLE_IDENTIFIER = "lincoln.fraley93.PPSDK-SwiftExample";
				PRODUCT_NAME = "$(TARGET_NAME)";
				PROVISIONING_PROFILE_SPECIFIER = "";
				SWIFT_VERSION = 4.2;
				TARGETED_DEVICE_FAMILY = "1,2";
			};
			name = Debug;
		};
		1C41D16C21DE3ECF004C2254 /* Release */ = {
			isa = XCBuildConfiguration;
			baseConfigurationReference = 5BDE5C2BD3A834234EACD935 /* Pods-PPSDK-SwiftExample.release.xcconfig */;
			buildSettings = {
				ASSETCATALOG_COMPILER_APPICON_NAME = AppIcon;
				CODE_SIGN_IDENTITY = "iPhone Developer";
				CODE_SIGN_STYLE = Automatic;
				DEVELOPMENT_TEAM = SA5YU43KDL;
				INFOPLIST_FILE = "PPSDK-SwiftExample/Info.plist";
				LD_RUNPATH_SEARCH_PATHS = (
					"$(inherited)",
					"@executable_path/Frameworks",
				);
				PRODUCT_BUNDLE_IDENTIFIER = "lincoln.fraley93.PPSDK-SwiftExample";
				PRODUCT_NAME = "$(TARGET_NAME)";
				PROVISIONING_PROFILE_SPECIFIER = "";
				SWIFT_VERSION = 4.2;
				TARGETED_DEVICE_FAMILY = "1,2";
			};
			name = Release;
		};
/* End XCBuildConfiguration section */

/* Begin XCConfigurationList section */
		1C41D15321DE3ECD004C2254 /* Build configuration list for PBXProject "PPSDK-SwiftExample" */ = {
			isa = XCConfigurationList;
			buildConfigurations = (
				1C41D16821DE3ECF004C2254 /* Debug */,
				1C41D16921DE3ECF004C2254 /* Release */,
			);
			defaultConfigurationIsVisible = 0;
			defaultConfigurationName = Release;
		};
		1C41D16A21DE3ECF004C2254 /* Build configuration list for PBXNativeTarget "PPSDK-SwiftExample" */ = {
			isa = XCConfigurationList;
			buildConfigurations = (
				1C41D16B21DE3ECF004C2254 /* Debug */,
				1C41D16C21DE3ECF004C2254 /* Release */,
			);
			defaultConfigurationIsVisible = 0;
			defaultConfigurationName = Release;
		};
/* End XCConfigurationList section */
	};
	rootObject = 1C41D15021DE3ECD004C2254 /* Project object */;
}
