PODS:
  - Alamofire (4.8.0)
  - KeychainSwift (12.0.0)
  - PPSDK-Swift (0.2.5):
    - Alamofire (~> 4.7)
    - KeychainSwift (~> 12.0)

DEPENDENCIES:
  - PPSDK-Swift (from `../PPSDK-Swift`)

SPEC REPOS:
  https://github.com/cocoapods/specs.git:
    - Alamofire
    - KeychainSwift

EXTERNAL SOURCES:
  PPSDK-Swift:
    :path: "../PPSDK-Swift"

SPEC CHECKSUMS:
  Alamofire: 3ec537f71edc9804815215393ae2b1a8ea33a844
  KeychainSwift: d5e776578587ee5958ce36601df22f168f65138a
  PPSDK-Swift: 03e31f3d144985ee2c276e461054b437b1ec1173

PODFILE CHECKSUM: 1e99d5346b2e6267301aef0f74917068056d8674

COCOAPODS: 1.6.0.beta.1
